
Microsoft Visual Studio Solution File, Format Version 12.00
# Visual Studio 15
VisualStudioVersion = 15.0.27703.2018
MinimumVisualStudioVersion = 10.0.40219.1
Project("{FAE04EC0-301F-11D3-BF4B-00C04F79EFBC}") = "Service", "Service.csproj", "{B0CB584D-A311-4AEC-91D5-DC0D29D8B3BA}"
EndProject
Project("{FAE04EC0-301F-11D3-BF4B-00C04F79EFBC}") = "Client", "..\Client\Client.csproj", "{D63262E4-28E0-4B45-AEAB-CA2DEAEA2CA6}"
EndProject
Project("{2150E333-8FDC-42A3-9474-1A3956D46DE8}") = "_old", "_old", "{6C9F6983-39EC-4689-A152-BB611713B1DC}"
EndProject
Project("{FAE04EC0-301F-11D3-BF4B-00C04F79EFBC}") = "Test", "..\Test\Test.csproj", "{9463F91A-47BF-41A7-9E88-6582A02CCA27}"
EndProject
Global
	GlobalSection(SolutionConfigurationPlatforms) = preSolution
		Debug|Any CPU = Debug|Any CPU
		Release|Any CPU = Release|Any CPU
	EndGlobalSection
	GlobalSection(ProjectConfigurationPlatforms) = postSolution
		{B0CB584D-A311-4AEC-91D5-DC0D29D8B3BA}.Debug|Any CPU.ActiveCfg = Debug|Any CPU
		{B0CB584D-A311-4AEC-91D5-DC0D29D8B3BA}.Debug|Any CPU.Build.0 = Debug|Any CPU
		{B0CB584D-A311-4AEC-91D5-DC0D29D8B3BA}.Release|Any CPU.ActiveCfg = Release|Any CPU
		{B0CB584D-A311-4AEC-91D5-DC0D29D8B3BA}.Release|Any CPU.Build.0 = Release|Any CPU
		{D63262E4-28E0-4B45-AEAB-CA2DEAEA2CA6}.Debug|Any CPU.ActiveCfg = Debug|Any CPU
		{D63262E4-28E0-4B45-AEAB-CA2DEAEA2CA6}.Debug|Any CPU.Build.0 = Debug|Any CPU
		{D63262E4-28E0-4B45-AEAB-CA2DEAEA2CA6}.Release|Any CPU.ActiveCfg = Release|Any CPU
		{D63262E4-28E0-4B45-AEAB-CA2DEAEA2CA6}.Release|Any CPU.Build.0 = Release|Any CPU
		{9463F91A-47BF-41A7-9E88-6582A02CCA27}.Debug|Any CPU.ActiveCfg = Debug|Any CPU
		{9463F91A-47BF-41A7-9E88-6582A02CCA27}.Debug|Any CPU.Build.0 = Debug|Any CPU
		{9463F91A-47BF-41A7-9E88-6582A02CCA27}.Release|Any CPU.ActiveCfg = Release|Any CPU
		{9463F91A-47BF-41A7-9E88-6582A02CCA27}.Release|Any CPU.Build.0 = Release|Any CPU
	EndGlobalSection
	GlobalSection(SolutionProperties) = preSolution
		HideSolutionNode = FALSE
	EndGlobalSection
	GlobalSection(ExtensibilityGlobals) = postSolution
		SolutionGuid = {B3A7F86B-A420-4D63-A356-95F54C43A300}
	EndGlobalSection
EndGlobal
