
Microsoft Visual Studio Solution File, Format Version 12.00
# Visual Studio 15
VisualStudioVersion = 15.0.27130.2010
MinimumVisualStudioVersion = 10.0.40219.1
Project("{FAE04EC0-301F-11D3-BF4B-00C04F79EFBC}") = "Service", "Service.csproj", "{B0CB584D-A311-4AEC-91D5-DC0D29D8B3BA}"
EndProject
Project("{FAE04EC0-301F-11D3-BF4B-00C04F79EFBC}") = "Client", "..\Client\Client.csproj", "{D63262E4-28E0-4B45-AEAB-CA2DEAEA2CA6}"
EndProject
Project("{2150E333-8FDC-42A3-9474-1A3956D46DE8}") = "_old", "_old", "{6C9F6983-39EC-4689-A152-BB611713B1DC}"
EndProject
Project("{FAE04EC0-301F-11D3-BF4B-00C04F79EFBC}") = "Test", "..\Test\Test.csproj", "{9463F91A-47BF-41A7-9E88-6582A02CCA27}"
EndProject
Project("{FAE04EC0-301F-11D3-BF4B-00C04F79EFBC}") = "Server", "..\Data\C#_Projekte\2017_ClientServer\Server\Server\Server.csproj", "{8C0B9778-8555-4E3E-A0A9-F3E2778C188F}"
EndProject
Project("{FAE04EC0-301F-11D3-BF4B-00C04F79EFBC}") = "Client", "..\Data\C#_Projekte\2017_ClientServer\Server\Client\Client.csproj", "{914B49F4-7AAC-4411-A264-89C8E707643D}"
EndProject
Global
	GlobalSection(SolutionConfigurationPlatforms) = preSolution
		Debug|Any CPU = Debug|Any CPU
		Debug|x86 = Debug|x86
		Release|Any CPU = Release|Any CPU
		Release|x86 = Release|x86
	EndGlobalSection
	GlobalSection(ProjectConfigurationPlatforms) = postSolution
		{B0CB584D-A311-4AEC-91D5-DC0D29D8B3BA}.Debug|Any CPU.ActiveCfg = Debug|Any CPU
		{B0CB584D-A311-4AEC-91D5-DC0D29D8B3BA}.Debug|Any CPU.Build.0 = Debug|Any CPU
		{B0CB584D-A311-4AEC-91D5-DC0D29D8B3BA}.Debug|x86.ActiveCfg = Debug|x86
		{B0CB584D-A311-4AEC-91D5-DC0D29D8B3BA}.Debug|x86.Build.0 = Debug|x86
		{B0CB584D-A311-4AEC-91D5-DC0D29D8B3BA}.Release|Any CPU.ActiveCfg = Release|Any CPU
		{B0CB584D-A311-4AEC-91D5-DC0D29D8B3BA}.Release|Any CPU.Build.0 = Release|Any CPU
		{B0CB584D-A311-4AEC-91D5-DC0D29D8B3BA}.Release|x86.ActiveCfg = Release|x86
		{B0CB584D-A311-4AEC-91D5-DC0D29D8B3BA}.Release|x86.Build.0 = Release|x86
		{D63262E4-28E0-4B45-AEAB-CA2DEAEA2CA6}.Debug|Any CPU.ActiveCfg = Debug|Any CPU
		{D63262E4-28E0-4B45-AEAB-CA2DEAEA2CA6}.Debug|Any CPU.Build.0 = Debug|Any CPU
		{D63262E4-28E0-4B45-AEAB-CA2DEAEA2CA6}.Debug|x86.ActiveCfg = Debug|x86
		{D63262E4-28E0-4B45-AEAB-CA2DEAEA2CA6}.Debug|x86.Build.0 = Debug|x86
		{D63262E4-28E0-4B45-AEAB-CA2DEAEA2CA6}.Release|Any CPU.ActiveCfg = Release|Any CPU
		{D63262E4-28E0-4B45-AEAB-CA2DEAEA2CA6}.Release|Any CPU.Build.0 = Release|Any CPU
		{D63262E4-28E0-4B45-AEAB-CA2DEAEA2CA6}.Release|x86.ActiveCfg = Release|x86
		{D63262E4-28E0-4B45-AEAB-CA2DEAEA2CA6}.Release|x86.Build.0 = Release|x86
		{9463F91A-47BF-41A7-9E88-6582A02CCA27}.Debug|Any CPU.ActiveCfg = Debug|Any CPU
		{9463F91A-47BF-41A7-9E88-6582A02CCA27}.Debug|Any CPU.Build.0 = Debug|Any CPU
		{9463F91A-47BF-41A7-9E88-6582A02CCA27}.Debug|x86.ActiveCfg = Debug|x86
		{9463F91A-47BF-41A7-9E88-6582A02CCA27}.Debug|x86.Build.0 = Debug|x86
		{9463F91A-47BF-41A7-9E88-6582A02CCA27}.Release|Any CPU.ActiveCfg = Release|Any CPU
		{9463F91A-47BF-41A7-9E88-6582A02CCA27}.Release|Any CPU.Build.0 = Release|Any CPU
		{9463F91A-47BF-41A7-9E88-6582A02CCA27}.Release|x86.ActiveCfg = Release|x86
		{9463F91A-47BF-41A7-9E88-6582A02CCA27}.Release|x86.Build.0 = Release|x86
		{8C0B9778-8555-4E3E-A0A9-F3E2778C188F}.Debug|Any CPU.ActiveCfg = Debug|Any CPU
		{8C0B9778-8555-4E3E-A0A9-F3E2778C188F}.Debug|Any CPU.Build.0 = Debug|Any CPU
		{8C0B9778-8555-4E3E-A0A9-F3E2778C188F}.Debug|x86.ActiveCfg = Debug|x86
		{8C0B9778-8555-4E3E-A0A9-F3E2778C188F}.Debug|x86.Build.0 = Debug|x86
		{8C0B9778-8555-4E3E-A0A9-F3E2778C188F}.Release|Any CPU.ActiveCfg = Release|Any CPU
		{8C0B9778-8555-4E3E-A0A9-F3E2778C188F}.Release|Any CPU.Build.0 = Release|Any CPU
		{8C0B9778-8555-4E3E-A0A9-F3E2778C188F}.Release|x86.ActiveCfg = Release|x86
		{8C0B9778-8555-4E3E-A0A9-F3E2778C188F}.Release|x86.Build.0 = Release|x86
		{914B49F4-7AAC-4411-A264-89C8E707643D}.Debug|Any CPU.ActiveCfg = Debug|Any CPU
		{914B49F4-7AAC-4411-A264-89C8E707643D}.Debug|Any CPU.Build.0 = Debug|Any CPU
		{914B49F4-7AAC-4411-A264-89C8E707643D}.Debug|x86.ActiveCfg = Debug|x86
		{914B49F4-7AAC-4411-A264-89C8E707643D}.Debug|x86.Build.0 = Debug|x86
		{914B49F4-7AAC-4411-A264-89C8E707643D}.Release|Any CPU.ActiveCfg = Release|Any CPU
		{914B49F4-7AAC-4411-A264-89C8E707643D}.Release|Any CPU.Build.0 = Release|Any CPU
		{914B49F4-7AAC-4411-A264-89C8E707643D}.Release|x86.ActiveCfg = Release|x86
		{914B49F4-7AAC-4411-A264-89C8E707643D}.Release|x86.Build.0 = Release|x86
	EndGlobalSection
	GlobalSection(SolutionProperties) = preSolution
		HideSolutionNode = FALSE
	EndGlobalSection
	GlobalSection(NestedProjects) = preSolution
		{8C0B9778-8555-4E3E-A0A9-F3E2778C188F} = {6C9F6983-39EC-4689-A152-BB611713B1DC}
		{914B49F4-7AAC-4411-A264-89C8E707643D} = {6C9F6983-39EC-4689-A152-BB611713B1DC}
	EndGlobalSection
	GlobalSection(ExtensibilityGlobals) = postSolution
		SolutionGuid = {278799EF-D996-4FC9-95E5-8AFF8C434B24}
	EndGlobalSection
EndGlobal
